// !$*UTF8*$!
{
	archiveVersion = 1;
	classes = {
	};
	objectVersion = 50;
	objects = {

/* Begin PBXBuildFile section */
		68202688239EC4E8006EC991 /* AppDelegate.swift in Sources */ = {isa = PBXBuildFile; fileRef = 68202687239EC4E8006EC991 /* AppDelegate.swift */; };
		6820268A239EC4E8006EC991 /* art.scnassets in Resources */ = {isa = PBXBuildFile; fileRef = 68202689239EC4E8006EC991 /* art.scnassets */; };
		6820268C239EC4E8006EC991 /* ViewController.swift in Sources */ = {isa = PBXBuildFile; fileRef = 6820268B239EC4E8006EC991 /* ViewController.swift */; };
		6820268F239EC4E8006EC991 /* Main.storyboard in Resources */ = {isa = PBXBuildFile; fileRef = 6820268D239EC4E8006EC991 /* Main.storyboard */; };
		68202691239EC4EB006EC991 /* Assets.xcassets in Resources */ = {isa = PBXBuildFile; fileRef = 68202690239EC4EB006EC991 /* Assets.xcassets */; };
		68202694239EC4EB006EC991 /* LaunchScreen.storyboard in Resources */ = {isa = PBXBuildFile; fileRef = 68202692239EC4EB006EC991 /* LaunchScreen.storyboard */; };
/* End PBXBuildFile section */

/* Begin PBXFileReference section */
		68202684239EC4E8006EC991 /* ARPaperToss.app */ = {isa = PBXFileReference; explicitFileType = wrapper.application; includeInIndex = 0; path = ARPaperToss.app; sourceTree = BUILT_PRODUCTS_DIR; };
		68202687239EC4E8006EC991 /* AppDelegate.swift */ = {isa = PBXFileReference; lastKnownFileType = sourcecode.swift; path = AppDelegate.swift; sourceTree = "<group>"; };
		68202689239EC4E8006EC991 /* art.scnassets */ = {isa = PBXFileReference; lastKnownFileType = wrapper.scnassets; path = art.scnassets; sourceTree = "<group>"; };
		6820268B239EC4E8006EC991 /* ViewController.swift */ = {isa = PBXFileReference; lastKnownFileType = sourcecode.swift; path = ViewController.swift; sourceTree = "<group>"; };
		6820268E239EC4E8006EC991 /* Base */ = {isa = PBXFileReference; lastKnownFileType = file.storyboard; name = Base; path = Base.lproj/Main.storyboard; sourceTree = "<group>"; };
		68202690239EC4EB006EC991 /* Assets.xcassets */ = {isa = PBXFileReference; lastKnownFileType = folder.assetcatalog; path = Assets.xcassets; sourceTree = "<group>"; };
		68202693239EC4EB006EC991 /* Base */ = {isa = PBXFileReference; lastKnownFileType = file.storyboard; name = Base; path = Base.lproj/LaunchScreen.storyboard; sourceTree = "<group>"; };
		68202695239EC4EB006EC991 /* Info.plist */ = {isa = PBXFileReference; lastKnownFileType = text.plist.xml; path = Info.plist; sourceTree = "<group>"; };
/* End PBXFileReference section */

/* Begin PBXFrameworksBuildPhase section */
		68202681239EC4E8006EC991 /* Frameworks */ = {
			isa = PBXFrameworksBuildPhase;
			buildActionMask = 2147483647;
			files = (
			);
			runOnlyForDeploymentPostprocessing = 0;
		};
/* End PBXFrameworksBuildPhase section */

/* Begin PBXGroup section */
		6820267B239EC4E8006EC991 = {
			isa = PBXGroup;
			children = (
				68202686239EC4E8006EC991 /* ARPaperToss */,
				68202685239EC4E8006EC991 /* Products */,
			);
			sourceTree = "<group>";
		};
		68202685239EC4E8006EC991 /* Products */ = {
			isa = PBXGroup;
			children = (
				68202684239EC4E8006EC991 /* ARPaperToss.app */,
			);
			name = Products;
			sourceTree = "<group>";
		};
		68202686239EC4E8006EC991 /* ARPaperToss */ = {
			isa = PBXGroup;
			children = (
				68202687239EC4E8006EC991 /* AppDelegate.swift */,
				68202689239EC4E8006EC991 /* art.scnassets */,
				6820268B239EC4E8006EC991 /* ViewController.swift */,
				6820268D239EC4E8006EC991 /* Main.storyboard */,
				68202690239EC4EB006EC991 /* Assets.xcassets */,
				68202692239EC4EB006EC991 /* LaunchScreen.storyboard */,
				68202695239EC4EB006EC991 /* Info.plist */,
			);
			path = ARPaperToss;
			sourceTree = "<group>";
		};
/* End PBXGroup section */

/* Begin PBXNativeTarget section */
		68202683239EC4E8006EC991 /* ARPaperToss */ = {
			isa = PBXNativeTarget;
			buildConfigurationList = 68202698239EC4EB006EC991 /* Build configuration list for PBXNativeTarget "ARPaperToss" */;
			buildPhases = (
				68202680239EC4E8006EC991 /* Sources */,
				68202681239EC4E8006EC991 /* Frameworks */,
				68202682239EC4E8006EC991 /* Resources */,
			);
			buildRules = (
			);
			dependencies = (
			);
			name = ARPaperToss;
			productName = ARPaperToss;
			productReference = 68202684239EC4E8006EC991 /* ARPaperToss.app */;
			productType = "com.apple.product-type.application";
		};
/* End PBXNativeTarget section */

/* Begin PBXProject section */
		6820267C239EC4E8006EC991 /* Project object */ = {
			isa = PBXProject;
			attributes = {
				LastSwiftUpdateCheck = 1120;
				LastUpgradeCheck = 1120;
				ORGANIZATIONNAME = Lambton;
				TargetAttributes = {
					68202683239EC4E8006EC991 = {
						CreatedOnToolsVersion = 11.2.1;
					};
				};
			};
			buildConfigurationList = 6820267F239EC4E8006EC991 /* Build configuration list for PBXProject "ARPaperToss" */;
			compatibilityVersion = "Xcode 9.3";
			developmentRegion = en;
			hasScannedForEncodings = 0;
			knownRegions = (
				en,
				Base,
			);
			mainGroup = 6820267B239EC4E8006EC991;
			productRefGroup = 68202685239EC4E8006EC991 /* Products */;
			projectDirPath = "";
			projectRoot = "";
			targets = (
				68202683239EC4E8006EC991 /* ARPaperToss */,
			);
		};
/* End PBXProject section */

/* Begin PBXResourcesBuildPhase section */
		68202682239EC4E8006EC991 /* Resources */ = {
			isa = PBXResourcesBuildPhase;
			buildActionMask = 2147483647;
			files = (
				6820268A239EC4E8006EC991 /* art.scnassets in Resources */,
				68202694239EC4EB006EC991 /* LaunchScreen.storyboard in Resources */,
				68202691239EC4EB006EC991 /* Assets.xcassets in Resources */,
				6820268F239EC4E8006EC991 /* Main.storyboard in Resources */,
			);
			runOnlyForDeploymentPostprocessing = 0;
		};
/* End PBXResourcesBuildPhase section */

/* Begin PBXSourcesBuildPhase section */
		68202680239EC4E8006EC991 /* Sources */ = {
			isa = PBXSourcesBuildPhase;
			buildActionMask = 2147483647;
			files = (
				6820268C239EC4E8006EC991 /* ViewController.swift in Sources */,
				68202688239EC4E8006EC991 /* AppDelegate.swift in Sources */,
			);
			runOnlyForDeploymentPostprocessing = 0;
		};
/* End PBXSourcesBuildPhase section */

/* Begin PBXVariantGroup section */
		6820268D239EC4E8006EC991 /* Main.storyboard */ = {
			isa = PBXVariantGroup;
			children = (
				6820268E239EC4E8006EC991 /* Base */,
			);
			name = Main.storyboard;
			sourceTree = "<group>";
		};
		68202692239EC4EB006EC991 /* LaunchScreen.storyboard */ = {
			isa = PBXVariantGroup;
			children = (
				68202693239EC4EB006EC991 /* Base */,
			);
			name = LaunchScreen.storyboard;
			sourceTree = "<group>";
		};
/* End PBXVariantGroup section */

/* Begin XCBuildConfiguration section */
		68202696239EC4EB006EC991 /* Debug */ = {
			isa = XCBuildConfiguration;
			buildSettings = {
				ALWAYS_SEARCH_USER_PATHS = NO;
				CLANG_ANALYZER_NONNULL = YES;
				CLANG_ANALYZER_NUMBER_OBJECT_CONVERSION = YES_AGGRESSIVE;
				CLANG_CXX_LANGUAGE_STANDARD = "gnu++14";
				CLANG_CXX_LIBRARY = "libc++";
				CLANG_ENABLE_MODULES = YES;
				CLANG_ENABLE_OBJC_ARC = YES;
				CLANG_ENABLE_OBJC_WEAK = YES;
				CLANG_WARN_BLOCK_CAPTURE_AUTORELEASING = YES;
				CLANG_WARN_BOOL_CONVERSION = YES;
				CLANG_WARN_COMMA = YES;
				CLANG_WARN_CONSTANT_CONVERSION = YES;
				CLANG_WARN_DEPRECATED_OBJC_IMPLEMENTATIONS = YES;
				CLANG_WARN_DIRECT_OBJC_ISA_USAGE = YES_ERROR;
				CLANG_WARN_DOCUMENTATION_COMMENTS = YES;
				CLANG_WARN_EMPTY_BODY = YES;
				CLANG_WARN_ENUM_CONVERSION = YES;
				CLANG_WARN_INFINITE_RECURSION = YES;
				CLANG_WARN_INT_CONVERSION = YES;
				CLANG_WARN_NON_LITERAL_NULL_CONVERSION = YES;
				CLANG_WARN_OBJC_IMPLICIT_RETAIN_SELF = YES;
				CLANG_WARN_OBJC_LITERAL_CONVERSION = YES;
				CLANG_WARN_OBJC_ROOT_CLASS = YES_ERROR;
				CLANG_WARN_RANGE_LOOP_ANALYSIS = YES;
				CLANG_WARN_STRICT_PROTOTYPES = YES;
				CLANG_WARN_SUSPICIOUS_MOVE = YES;
				CLANG_WARN_UNGUARDED_AVAILABILITY = YES_AGGRESSIVE;
				CLANG_WARN_UNREACHABLE_CODE = YES;
				CLANG_WARN__DUPLICATE_METHOD_MATCH = YES;
				COPY_PHASE_STRIP = NO;
				DEBUG_INFORMATION_FORMAT = dwarf;
				ENABLE_STRICT_OBJC_MSGSEND = YES;
				ENABLE_TESTABILITY = YES;
				GCC_C_LANGUAGE_STANDARD = gnu11;
				GCC_DYNAMIC_NO_PIC = NO;
				GCC_NO_COMMON_BLOCKS = YES;
				GCC_OPTIMIZATION_LEVEL = 0;
				GCC_PREPROCESSOR_DEFINITIONS = (
					"DEBUG=1",
					"$(inherited)",
				);
				GCC_WARN_64_TO_32_BIT_CONVERSION = YES;
				GCC_WARN_ABOUT_RETURN_TYPE = YES_ERROR;
				GCC_WARN_UNDECLARED_SELECTOR = YES;
				GCC_WARN_UNINITIALIZED_AUTOS = YES_AGGRESSIVE;
				GCC_WARN_UNUSED_FUNCTION = YES;
				GCC_WARN_UNUSED_VARIABLE = YES;
				IPHONEOS_DEPLOYMENT_TARGET = 13.2;
				MTL_ENABLE_DEBUG_INFO = INCLUDE_SOURCE;
				MTL_FAST_MATH = YES;
				ONLY_ACTIVE_ARCH = YES;
				SDKROOT = iphoneos;
				SWIFT_ACTIVE_COMPILATION_CONDITIONS = DEBUG;
				SWIFT_OPTIMIZATION_LEVEL = "-Onone";
			};
			name = Debug;
		};
		68202697239EC4EB006EC991 /* Release */ = {
			isa = XCBuildConfiguration;
			buildSettings = {
				ALWAYS_SEARCH_USER_PATHS = NO;
				CLANG_ANALYZER_NONNULL = YES;
				CLANG_ANALYZER_NUMBER_OBJECT_CONVERSION = YES_AGGRESSIVE;
				CLANG_CXX_LANGUAGE_STANDARD = "gnu++14";
				CLANG_CXX_LIBRARY = "libc++";
				CLANG_ENABLE_MODULES = YES;
				CLANG_ENABLE_OBJC_ARC = YES;
				CLANG_ENABLE_OBJC_WEAK = YES;
				CLANG_WARN_BLOCK_CAPTURE_AUTORELEASING = YES;
				CLANG_WARN_BOOL_CONVERSION = YES;
				CLANG_WARN_COMMA = YES;
				CLANG_WARN_CONSTANT_CONVERSION = YES;
				CLANG_WARN_DEPRECATED_OBJC_IMPLEMENTATIONS = YES;
				CLANG_WARN_DIRECT_OBJC_ISA_USAGE = YES_ERROR;
				CLANG_WARN_DOCUMENTATION_COMMENTS = YES;
				CLANG_WARN_EMPTY_BODY = YES;
				CLANG_WARN_ENUM_CONVERSION = YES;
				CLANG_WARN_INFINITE_RECURSION = YES;
				CLANG_WARN_INT_CONVERSION = YES;
				CLANG_WARN_NON_LITERAL_NULL_CONVERSION = YES;
				CLANG_WARN_OBJC_IMPLICIT_RETAIN_SELF = YES;
				CLANG_WARN_OBJC_LITERAL_CONVERSION = YES;
				CLANG_WARN_OBJC_ROOT_CLASS = YES_ERROR;
				CLANG_WARN_RANGE_LOOP_ANALYSIS = YES;
				CLANG_WARN_STRICT_PROTOTYPES = YES;
				CLANG_WARN_SUSPICIOUS_MOVE = YES;
				CLANG_WARN_UNGUARDED_AVAILABILITY = YES_AGGRESSIVE;
				CLANG_WARN_UNREACHABLE_CODE = YES;
				CLANG_WARN__DUPLICATE_METHOD_MATCH = YES;
				COPY_PHASE_STRIP = NO;
				DEBUG_INFORMATION_FORMAT = "dwarf-with-dsym";
				ENABLE_NS_ASSERTIONS = NO;
				ENABLE_STRICT_OBJC_MSGSEND = YES;
				GCC_C_LANGUAGE_STANDARD = gnu11;
				GCC_NO_COMMON_BLOCKS = YES;
				GCC_WARN_64_TO_32_BIT_CONVERSION = YES;
				GCC_WARN_ABOUT_RETURN_TYPE = YES_ERROR;
				GCC_WARN_UNDECLARED_SELECTOR = YES;
				GCC_WARN_UNINITIALIZED_AUTOS = YES_AGGRESSIVE;
				GCC_WARN_UNUSED_FUNCTION = YES;
				GCC_WARN_UNUSED_VARIABLE = YES;
				IPHONEOS_DEPLOYMENT_TARGET = 13.2;
				MTL_ENABLE_DEBUG_INFO = NO;
				MTL_FAST_MATH = YES;
				SDKROOT = iphoneos;
				SWIFT_COMPILATION_MODE = wholemodule;
				SWIFT_OPTIMIZATION_LEVEL = "-O";
				VALIDATE_PRODUCT = YES;
			};
			name = Release;
		};
		68202699239EC4EB006EC991 /* Debug */ = {
			isa = XCBuildConfiguration;
			buildSettings = {
				ASSETCATALOG_COMPILER_APPICON_NAME = AppIcon;
				CODE_SIGN_STYLE = Automatic;
				DEVELOPMENT_TEAM = KA764ZP8BZ;
				INFOPLIST_FILE = ARPaperToss/Info.plist;
				LD_RUNPATH_SEARCH_PATHS = (
					"$(inherited)",
					"@executable_path/Frameworks",
				);
				PRODUCT_BUNDLE_IDENTIFIER = ca.lambtoncollege.mad3115.sdsasadsa.ARPaperToss;
				PRODUCT_NAME = "$(TARGET_NAME)";
				SWIFT_VERSION = 5.0;
				TARGETED_DEVICE_FAMILY = "1,2";
			};
			name = Debug;
		};
		6820269A239EC4EB006EC991 /* Release */ = {
			isa = XCBuildConfiguration;
			buildSettings = {
				ASSETCATALOG_COMPILER_APPICON_NAME = AppIcon;
				CODE_SIGN_STYLE = Automatic;
				DEVELOPMENT_TEAM = KA764ZP8BZ;
				INFOPLIST_FILE = ARPaperToss/Info.plist;
				LD_RUNPATH_SEARCH_PATHS = (
					"$(inherited)",
					"@executable_path/Frameworks",
				);
				PRODUCT_BUNDLE_IDENTIFIER = ca.lambtoncollege.mad3115.sdsasadsa.ARPaperToss;
				PRODUCT_NAME = "$(TARGET_NAME)";
				SWIFT_VERSION = 5.0;
				TARGETED_DEVICE_FAMILY = "1,2";
			};
			name = Release;
		};
/* End XCBuildConfiguration section */

/* Begin XCConfigurationList section */
		6820267F239EC4E8006EC991 /* Build configuration list for PBXProject "ARPaperToss" */ = {
			isa = XCConfigurationList;
			buildConfigurations = (
				68202696239EC4EB006EC991 /* Debug */,
				68202697239EC4EB006EC991 /* Release */,
			);
			defaultConfigurationIsVisible = 0;
			defaultConfigurationName = Release;
		};
		68202698239EC4EB006EC991 /* Build configuration list for PBXNativeTarget "ARPaperToss" */ = {
			isa = XCConfigurationList;
			buildConfigurations = (
				68202699239EC4EB006EC991 /* Debug */,
				6820269A239EC4EB006EC991 /* Release */,
			);
			defaultConfigurationIsVisible = 0;
			defaultConfigurationName = Release;
		};
/* End XCConfigurationList section */
	};
	rootObject = 6820267C239EC4E8006EC991 /* Project object */;
}
